// !$*UTF8*$!
{
	archiveVersion = 1;
	classes = {
	};
	objectVersion = 56;
	objects = {

/* Begin PBXBuildFile section */
		6A5FFD142AAF94B600C7E6FA /* TestTaskApp.swift in Sources */ = {isa = PBXBuildFile; fileRef = 6A5FFD132AAF94B600C7E6FA /* TestTaskApp.swift */; };
		6A5FFD162AAF94B600C7E6FA /* MainScreen.swift in Sources */ = {isa = PBXBuildFile; fileRef = 6A5FFD152AAF94B600C7E6FA /* MainScreen.swift */; };
		6A5FFD182AAF94B700C7E6FA /* Assets.xcassets in Resources */ = {isa = PBXBuildFile; fileRef = 6A5FFD172AAF94B700C7E6FA /* Assets.xcassets */; };
		6A5FFD1B2AAF94B700C7E6FA /* Preview Assets.xcassets in Resources */ = {isa = PBXBuildFile; fileRef = 6A5FFD1A2AAF94B700C7E6FA /* Preview Assets.xcassets */; };
		6A5FFD232AAF94DB00C7E6FA /* MainViewModel.swift in Sources */ = {isa = PBXBuildFile; fileRef = 6A5FFD222AAF94DB00C7E6FA /* MainViewModel.swift */; };
		6A5FFD262AAF957700C7E6FA /* Image.swift in Sources */ = {isa = PBXBuildFile; fileRef = 6A5FFD252AAF957700C7E6FA /* Image.swift */; };
		6A5FFD2A2AAF960D00C7E6FA /* BlueButton.swift in Sources */ = {isa = PBXBuildFile; fileRef = 6A5FFD292AAF960D00C7E6FA /* BlueButton.swift */; };
		6A5FFD2C2AAF969200C7E6FA /* Typealias.swift in Sources */ = {isa = PBXBuildFile; fileRef = 6A5FFD2B2AAF969200C7E6FA /* Typealias.swift */; };
		6A5FFD2F2AAF9A7C00C7E6FA /* LockState.swift in Sources */ = {isa = PBXBuildFile; fileRef = 6A5FFD2E2AAF9A7C00C7E6FA /* LockState.swift */; };
		6A5FFD312AAF9CFA00C7E6FA /* TopImageView.swift in Sources */ = {isa = PBXBuildFile; fileRef = 6A5FFD302AAF9CFA00C7E6FA /* TopImageView.swift */; };
		6A5FFD332AAFA18D00C7E6FA /* View.swift in Sources */ = {isa = PBXBuildFile; fileRef = 6A5FFD322AAFA18D00C7E6FA /* View.swift */; };
		6A677C8A2AB1D15F00B52823 /* FullImageView.swift in Sources */ = {isa = PBXBuildFile; fileRef = 6A677C892AB1D15F00B52823 /* FullImageView.swift */; };
		6A677C8C2AB1D24A00B52823 /* CloseButtonView.swift in Sources */ = {isa = PBXBuildFile; fileRef = 6A677C8B2AB1D24A00B52823 /* CloseButtonView.swift */; };
		6A677C8E2AB1D57B00B52823 /* Localizable.strings in Resources */ = {isa = PBXBuildFile; fileRef = 6A677C8D2AB1D57B00B52823 /* Localizable.strings */; };
		6A677C902AB1D5FA00B52823 /* String.swift in Sources */ = {isa = PBXBuildFile; fileRef = 6A677C8F2AB1D5FA00B52823 /* String.swift */; };
/* End PBXBuildFile section */

/* Begin PBXFileReference section */
		6A5FFD102AAF94B600C7E6FA /* TestTask.app */ = {isa = PBXFileReference; explicitFileType = wrapper.application; includeInIndex = 0; path = TestTask.app; sourceTree = BUILT_PRODUCTS_DIR; };
		6A5FFD132AAF94B600C7E6FA /* TestTaskApp.swift */ = {isa = PBXFileReference; lastKnownFileType = sourcecode.swift; path = TestTaskApp.swift; sourceTree = "<group>"; };
		6A5FFD152AAF94B600C7E6FA /* MainScreen.swift */ = {isa = PBXFileReference; lastKnownFileType = sourcecode.swift; path = MainScreen.swift; sourceTree = "<group>"; };
		6A5FFD172AAF94B700C7E6FA /* Assets.xcassets */ = {isa = PBXFileReference; lastKnownFileType = folder.assetcatalog; path = Assets.xcassets; sourceTree = "<group>"; };
		6A5FFD1A2AAF94B700C7E6FA /* Preview Assets.xcassets */ = {isa = PBXFileReference; lastKnownFileType = folder.assetcatalog; path = "Preview Assets.xcassets"; sourceTree = "<group>"; };
		6A5FFD222AAF94DB00C7E6FA /* MainViewModel.swift */ = {isa = PBXFileReference; lastKnownFileType = sourcecode.swift; path = MainViewModel.swift; sourceTree = "<group>"; };
		6A5FFD252AAF957700C7E6FA /* Image.swift */ = {isa = PBXFileReference; lastKnownFileType = sourcecode.swift; path = Image.swift; sourceTree = "<group>"; };
		6A5FFD292AAF960D00C7E6FA /* BlueButton.swift */ = {isa = PBXFileReference; lastKnownFileType = sourcecode.swift; path = BlueButton.swift; sourceTree = "<group>"; };
		6A5FFD2B2AAF969200C7E6FA /* Typealias.swift */ = {isa = PBXFileReference; lastKnownFileType = sourcecode.swift; path = Typealias.swift; sourceTree = "<group>"; };
		6A5FFD2E2AAF9A7C00C7E6FA /* LockState.swift */ = {isa = PBXFileReference; lastKnownFileType = sourcecode.swift; path = LockState.swift; sourceTree = "<group>"; };
		6A5FFD302AAF9CFA00C7E6FA /* TopImageView.swift */ = {isa = PBXFileReference; lastKnownFileType = sourcecode.swift; path = TopImageView.swift; sourceTree = "<group>"; };
		6A5FFD322AAFA18D00C7E6FA /* View.swift */ = {isa = PBXFileReference; lastKnownFileType = sourcecode.swift; path = View.swift; sourceTree = "<group>"; };
		6A677C892AB1D15F00B52823 /* FullImageView.swift */ = {isa = PBXFileReference; lastKnownFileType = sourcecode.swift; path = FullImageView.swift; sourceTree = "<group>"; };
		6A677C8B2AB1D24A00B52823 /* CloseButtonView.swift */ = {isa = PBXFileReference; lastKnownFileType = sourcecode.swift; path = CloseButtonView.swift; sourceTree = "<group>"; };
		6A677C8D2AB1D57B00B52823 /* Localizable.strings */ = {isa = PBXFileReference; lastKnownFileType = text.plist.strings; path = Localizable.strings; sourceTree = "<group>"; };
		6A677C8F2AB1D5FA00B52823 /* String.swift */ = {isa = PBXFileReference; lastKnownFileType = sourcecode.swift; path = String.swift; sourceTree = "<group>"; };
/* End PBXFileReference section */

/* Begin PBXFrameworksBuildPhase section */
		6A5FFD0D2AAF94B600C7E6FA /* Frameworks */ = {
			isa = PBXFrameworksBuildPhase;
			buildActionMask = 2147483647;
			files = (
			);
			runOnlyForDeploymentPostprocessing = 0;
		};
/* End PBXFrameworksBuildPhase section */

/* Begin PBXGroup section */
		6A5FFD072AAF94B600C7E6FA = {
			isa = PBXGroup;
			children = (
				6A5FFD122AAF94B600C7E6FA /* TestTask */,
				6A5FFD112AAF94B600C7E6FA /* Products */,
			);
			sourceTree = "<group>";
		};
		6A5FFD112AAF94B600C7E6FA /* Products */ = {
			isa = PBXGroup;
			children = (
				6A5FFD102AAF94B600C7E6FA /* TestTask.app */,
			);
			name = Products;
			sourceTree = "<group>";
		};
		6A5FFD122AAF94B600C7E6FA /* TestTask */ = {
			isa = PBXGroup;
			children = (
				6A5FFD132AAF94B600C7E6FA /* TestTaskApp.swift */,
				6A5FFD212AAF94C300C7E6FA /* Main */,
				6A5FFD2D2AAF9A6F00C7E6FA /* Models */,
				6A5FFD242AAF956600C7E6FA /* Extensions & Utils */,
				6A5FFD272AAF959400C7E6FA /* Recources */,
				6A5FFD192AAF94B700C7E6FA /* Preview Content */,
			);
			path = TestTask;
			sourceTree = "<group>";
		};
		6A5FFD192AAF94B700C7E6FA /* Preview Content */ = {
			isa = PBXGroup;
			children = (
				6A5FFD1A2AAF94B700C7E6FA /* Preview Assets.xcassets */,
			);
			path = "Preview Content";
			sourceTree = "<group>";
		};
		6A5FFD212AAF94C300C7E6FA /* Main */ = {
			isa = PBXGroup;
			children = (
				6A5FFD152AAF94B600C7E6FA /* MainScreen.swift */,
				6A5FFD222AAF94DB00C7E6FA /* MainViewModel.swift */,
				6A5FFD342AAFA3A100C7E6FA /* Views */,
				6A5FFD282AAF960000C7E6FA /* Components */,
			);
			path = Main;
			sourceTree = "<group>";
		};
		6A5FFD242AAF956600C7E6FA /* Extensions & Utils */ = {
			isa = PBXGroup;
			children = (
				6A5FFD2B2AAF969200C7E6FA /* Typealias.swift */,
				6A5FFD252AAF957700C7E6FA /* Image.swift */,
				6A5FFD322AAFA18D00C7E6FA /* View.swift */,
				6A677C8F2AB1D5FA00B52823 /* String.swift */,
			);
			path = "Extensions & Utils";
			sourceTree = "<group>";
		};
		6A5FFD272AAF959400C7E6FA /* Recources */ = {
			isa = PBXGroup;
			children = (
				6A5FFD172AAF94B700C7E6FA /* Assets.xcassets */,
				6A677C8D2AB1D57B00B52823 /* Localizable.strings */,
			);
			path = Recources;
			sourceTree = "<group>";
		};
		6A5FFD282AAF960000C7E6FA /* Components */ = {
			isa = PBXGroup;
			children = (
				6A5FFD292AAF960D00C7E6FA /* BlueButton.swift */,
				6A677C8B2AB1D24A00B52823 /* CloseButtonView.swift */,
			);
			path = Components;
			sourceTree = "<group>";
		};
		6A5FFD2D2AAF9A6F00C7E6FA /* Models */ = {
			isa = PBXGroup;
			children = (
				6A5FFD2E2AAF9A7C00C7E6FA /* LockState.swift */,
			);
			path = Models;
			sourceTree = "<group>";
		};
		6A5FFD342AAFA3A100C7E6FA /* Views */ = {
			isa = PBXGroup;
			children = (
				6A5FFD302AAF9CFA00C7E6FA /* TopImageView.swift */,
				6A677C892AB1D15F00B52823 /* FullImageView.swift */,
			);
			path = Views;
			sourceTree = "<group>";
		};
/* End PBXGroup section */

/* Begin PBXNativeTarget section */
		6A5FFD0F2AAF94B600C7E6FA /* TestTask */ = {
			isa = PBXNativeTarget;
			buildConfigurationList = 6A5FFD1E2AAF94B700C7E6FA /* Build configuration list for PBXNativeTarget "TestTask" */;
			buildPhases = (
				6A5FFD0C2AAF94B600C7E6FA /* Sources */,
				6A5FFD0D2AAF94B600C7E6FA /* Frameworks */,
				6A5FFD0E2AAF94B600C7E6FA /* Resources */,
			);
			buildRules = (
			);
			dependencies = (
			);
			name = TestTask;
			productName = TestTask;
			productReference = 6A5FFD102AAF94B600C7E6FA /* TestTask.app */;
			productType = "com.apple.product-type.application";
		};
/* End PBXNativeTarget section */

/* Begin PBXProject section */
		6A5FFD082AAF94B600C7E6FA /* Project object */ = {
			isa = PBXProject;
			attributes = {
				BuildIndependentTargetsInParallel = 1;
				LastSwiftUpdateCheck = 1430;
				LastUpgradeCheck = 1430;
				TargetAttributes = {
					6A5FFD0F2AAF94B600C7E6FA = {
						CreatedOnToolsVersion = 14.3.1;
					};
				};
			};
			buildConfigurationList = 6A5FFD0B2AAF94B600C7E6FA /* Build configuration list for PBXProject "TestTask" */;
			compatibilityVersion = "Xcode 14.0";
			developmentRegion = en;
			hasScannedForEncodings = 0;
			knownRegions = (
				en,
				Base,
			);
			mainGroup = 6A5FFD072AAF94B600C7E6FA;
			productRefGroup = 6A5FFD112AAF94B600C7E6FA /* Products */;
			projectDirPath = "";
			projectRoot = "";
			targets = (
				6A5FFD0F2AAF94B600C7E6FA /* TestTask */,
			);
		};
/* End PBXProject section */

/* Begin PBXResourcesBuildPhase section */
		6A5FFD0E2AAF94B600C7E6FA /* Resources */ = {
			isa = PBXResourcesBuildPhase;
			buildActionMask = 2147483647;
			files = (
				6A5FFD1B2AAF94B700C7E6FA /* Preview Assets.xcassets in Resources */,
				6A677C8E2AB1D57B00B52823 /* Localizable.strings in Resources */,
				6A5FFD182AAF94B700C7E6FA /* Assets.xcassets in Resources */,
			);
			runOnlyForDeploymentPostprocessing = 0;
		};
/* End PBXResourcesBuildPhase section */

/* Begin PBXSourcesBuildPhase section */
		6A5FFD0C2AAF94B600C7E6FA /* Sources */ = {
			isa = PBXSourcesBuildPhase;
			buildActionMask = 2147483647;
			files = (
				6A5FFD312AAF9CFA00C7E6FA /* TopImageView.swift in Sources */,
				6A5FFD2F2AAF9A7C00C7E6FA /* LockState.swift in Sources */,
				6A5FFD162AAF94B600C7E6FA /* MainScreen.swift in Sources */,
				6A677C8A2AB1D15F00B52823 /* FullImageView.swift in Sources */,
				6A5FFD2A2AAF960D00C7E6FA /* BlueButton.swift in Sources */,
				6A5FFD262AAF957700C7E6FA /* Image.swift in Sources */,
				6A677C902AB1D5FA00B52823 /* String.swift in Sources */,
				6A5FFD332AAFA18D00C7E6FA /* View.swift in Sources */,
				6A5FFD142AAF94B600C7E6FA /* TestTaskApp.swift in Sources */,
				6A5FFD2C2AAF969200C7E6FA /* Typealias.swift in Sources */,
				6A677C8C2AB1D24A00B52823 /* CloseButtonView.swift in Sources */,
				6A5FFD232AAF94DB00C7E6FA /* MainViewModel.swift in Sources */,
			);
			runOnlyForDeploymentPostprocessing = 0;
		};
/* End PBXSourcesBuildPhase section */

/* Begin XCBuildConfiguration section */
		6A5FFD1C2AAF94B700C7E6FA /* Debug */ = {
			isa = XCBuildConfiguration;
			buildSettings = {
				ALWAYS_SEARCH_USER_PATHS = NO;
				CLANG_ANALYZER_NONNULL = YES;
				CLANG_ANALYZER_NUMBER_OBJECT_CONVERSION = YES_AGGRESSIVE;
				CLANG_CXX_LANGUAGE_STANDARD = "gnu++20";
				CLANG_ENABLE_MODULES = YES;
				CLANG_ENABLE_OBJC_ARC = YES;
				CLANG_ENABLE_OBJC_WEAK = YES;
				CLANG_WARN_BLOCK_CAPTURE_AUTORELEASING = YES;
				CLANG_WARN_BOOL_CONVERSION = YES;
				CLANG_WARN_COMMA = YES;
				CLANG_WARN_CONSTANT_CONVERSION = YES;
				CLANG_WARN_DEPRECATED_OBJC_IMPLEMENTATIONS = YES;
				CLANG_WARN_DIRECT_OBJC_ISA_USAGE = YES_ERROR;
				CLANG_WARN_DOCUMENTATION_COMMENTS = YES;
				CLANG_WARN_EMPTY_BODY = YES;
				CLANG_WARN_ENUM_CONVERSION = YES;
				CLANG_WARN_INFINITE_RECURSION = YES;
				CLANG_WARN_INT_CONVERSION = YES;
				CLANG_WARN_NON_LITERAL_NULL_CONVERSION = YES;
				CLANG_WARN_OBJC_IMPLICIT_RETAIN_SELF = YES;
				CLANG_WARN_OBJC_LITERAL_CONVERSION = YES;
				CLANG_WARN_OBJC_ROOT_CLASS = YES_ERROR;
				CLANG_WARN_QUOTED_INCLUDE_IN_FRAMEWORK_HEADER = YES;
				CLANG_WARN_RANGE_LOOP_ANALYSIS = YES;
				CLANG_WARN_STRICT_PROTOTYPES = YES;
				CLANG_WARN_SUSPICIOUS_MOVE = YES;
				CLANG_WARN_UNGUARDED_AVAILABILITY = YES_AGGRESSIVE;
				CLANG_WARN_UNREACHABLE_CODE = YES;
				CLANG_WARN__DUPLICATE_METHOD_MATCH = YES;
				COPY_PHASE_STRIP = NO;
				DEBUG_INFORMATION_FORMAT = dwarf;
				ENABLE_STRICT_OBJC_MSGSEND = YES;
				ENABLE_TESTABILITY = YES;
				GCC_C_LANGUAGE_STANDARD = gnu11;
				GCC_DYNAMIC_NO_PIC = NO;
				GCC_NO_COMMON_BLOCKS = YES;
				GCC_OPTIMIZATION_LEVEL = 0;
				GCC_PREPROCESSOR_DEFINITIONS = (
					"DEBUG=1",
					"$(inherited)",
				);
				GCC_WARN_64_TO_32_BIT_CONVERSION = YES;
				GCC_WARN_ABOUT_RETURN_TYPE = YES_ERROR;
				GCC_WARN_UNDECLARED_SELECTOR = YES;
				GCC_WARN_UNINITIALIZED_AUTOS = YES_AGGRESSIVE;
				GCC_WARN_UNUSED_FUNCTION = YES;
				GCC_WARN_UNUSED_VARIABLE = YES;
				IPHONEOS_DEPLOYMENT_TARGET = 16.4;
				MTL_ENABLE_DEBUG_INFO = INCLUDE_SOURCE;
				MTL_FAST_MATH = YES;
				ONLY_ACTIVE_ARCH = YES;
				SDKROOT = iphoneos;
				SWIFT_ACTIVE_COMPILATION_CONDITIONS = DEBUG;
				SWIFT_OPTIMIZATION_LEVEL = "-Onone";
			};
			name = Debug;
		};
		6A5FFD1D2AAF94B700C7E6FA /* Release */ = {
			isa = XCBuildConfiguration;
			buildSettings = {
				ALWAYS_SEARCH_USER_PATHS = NO;
				CLANG_ANALYZER_NONNULL = YES;
				CLANG_ANALYZER_NUMBER_OBJECT_CONVERSION = YES_AGGRESSIVE;
				CLANG_CXX_LANGUAGE_STANDARD = "gnu++20";
				CLANG_ENABLE_MODULES = YES;
				CLANG_ENABLE_OBJC_ARC = YES;
				CLANG_ENABLE_OBJC_WEAK = YES;
				CLANG_WARN_BLOCK_CAPTURE_AUTORELEASING = YES;
				CLANG_WARN_BOOL_CONVERSION = YES;
				CLANG_WARN_COMMA = YES;
				CLANG_WARN_CONSTANT_CONVERSION = YES;
				CLANG_WARN_DEPRECATED_OBJC_IMPLEMENTATIONS = YES;
				CLANG_WARN_DIRECT_OBJC_ISA_USAGE = YES_ERROR;
				CLANG_WARN_DOCUMENTATION_COMMENTS = YES;
				CLANG_WARN_EMPTY_BODY = YES;
				CLANG_WARN_ENUM_CONVERSION = YES;
				CLANG_WARN_INFINITE_RECURSION = YES;
				CLANG_WARN_INT_CONVERSION = YES;
				CLANG_WARN_NON_LITERAL_NULL_CONVERSION = YES;
				CLANG_WARN_OBJC_IMPLICIT_RETAIN_SELF = YES;
				CLANG_WARN_OBJC_LITERAL_CONVERSION = YES;
				CLANG_WARN_OBJC_ROOT_CLASS = YES_ERROR;
				CLANG_WARN_QUOTED_INCLUDE_IN_FRAMEWORK_HEADER = YES;
				CLANG_WARN_RANGE_LOOP_ANALYSIS = YES;
				CLANG_WARN_STRICT_PROTOTYPES = YES;
				CLANG_WARN_SUSPICIOUS_MOVE = YES;
				CLANG_WARN_UNGUARDED_AVAILABILITY = YES_AGGRESSIVE;
				CLANG_WARN_UNREACHABLE_CODE = YES;
				CLANG_WARN__DUPLICATE_METHOD_MATCH = YES;
				COPY_PHASE_STRIP = NO;
				DEBUG_INFORMATION_FORMAT = "dwarf-with-dsym";
				ENABLE_NS_ASSERTIONS = NO;
				ENABLE_STRICT_OBJC_MSGSEND = YES;
				GCC_C_LANGUAGE_STANDARD = gnu11;
				GCC_NO_COMMON_BLOCKS = YES;
				GCC_WARN_64_TO_32_BIT_CONVERSION = YES;
				GCC_WARN_ABOUT_RETURN_TYPE = YES_ERROR;
				GCC_WARN_UNDECLARED_SELECTOR = YES;
				GCC_WARN_UNINITIALIZED_AUTOS = YES_AGGRESSIVE;
				GCC_WARN_UNUSED_FUNCTION = YES;
				GCC_WARN_UNUSED_VARIABLE = YES;
				IPHONEOS_DEPLOYMENT_TARGET = 16.4;
				MTL_ENABLE_DEBUG_INFO = NO;
				MTL_FAST_MATH = YES;
				SDKROOT = iphoneos;
				SWIFT_COMPILATION_MODE = wholemodule;
				SWIFT_OPTIMIZATION_LEVEL = "-O";
				VALIDATE_PRODUCT = YES;
			};
			name = Release;
		};
		6A5FFD1F2AAF94B700C7E6FA /* Debug */ = {
			isa = XCBuildConfiguration;
			buildSettings = {
				ASSETCATALOG_COMPILER_APPICON_NAME = AppIcon;
				ASSETCATALOG_COMPILER_GLOBAL_ACCENT_COLOR_NAME = AccentColor;
				CODE_SIGN_STYLE = Automatic;
				CURRENT_PROJECT_VERSION = 1;
				DEVELOPMENT_ASSET_PATHS = "\"TestTask/Preview Content\"";
				DEVELOPMENT_TEAM = SQ3CQSAXZS;
				ENABLE_PREVIEWS = YES;
				GENERATE_INFOPLIST_FILE = YES;
				INFOPLIST_KEY_UIApplicationSceneManifest_Generation = YES;
				INFOPLIST_KEY_UIApplicationSupportsIndirectInputEvents = YES;
				INFOPLIST_KEY_UILaunchScreen_Generation = YES;
				INFOPLIST_KEY_UISupportedInterfaceOrientations_iPad = "UIInterfaceOrientationPortrait UIInterfaceOrientationPortraitUpsideDown UIInterfaceOrientationLandscapeLeft UIInterfaceOrientationLandscapeRight";
				INFOPLIST_KEY_UISupportedInterfaceOrientations_iPhone = "UIInterfaceOrientationPortrait UIInterfaceOrientationLandscapeLeft UIInterfaceOrientationLandscapeRight";
				LD_RUNPATH_SEARCH_PATHS = (
					"$(inherited)",
					"@executable_path/Frameworks",
				);
				MARKETING_VERSION = 1.0;
				PRODUCT_BUNDLE_IDENTIFIER = com.polina.TestTask;
				PRODUCT_NAME = "$(TARGET_NAME)";
				SWIFT_EMIT_LOC_STRINGS = YES;
				SWIFT_VERSION = 5.0;
				TARGETED_DEVICE_FAMILY = "1,2";
			};
			name = Debug;
		};
		6A5FFD202AAF94B700C7E6FA /* Release */ = {
			isa = XCBuildConfiguration;
			buildSettings = {
				ASSETCATALOG_COMPILER_APPICON_NAME = AppIcon;
				ASSETCATALOG_COMPILER_GLOBAL_ACCENT_COLOR_NAME = AccentColor;
				CODE_SIGN_STYLE = Automatic;
				CURRENT_PROJECT_VERSION = 1;
				DEVELOPMENT_ASSET_PATHS = "\"TestTask/Preview Content\"";
				DEVELOPMENT_TEAM = SQ3CQSAXZS;
				ENABLE_PREVIEWS = YES;
				GENERATE_INFOPLIST_FILE = YES;
				INFOPLIST_KEY_UIApplicationSceneManifest_Generation = YES;
				INFOPLIST_KEY_UIApplicationSupportsIndirectInputEvents = YES;
				INFOPLIST_KEY_UILaunchScreen_Generation = YES;
				INFOPLIST_KEY_UISupportedInterfaceOrientations_iPad = "UIInterfaceOrientationPortrait UIInterfaceOrientationPortraitUpsideDown UIInterfaceOrientationLandscapeLeft UIInterfaceOrientationLandscapeRight";
				INFOPLIST_KEY_UISupportedInterfaceOrientations_iPhone = "UIInterfaceOrientationPortrait UIInterfaceOrientationLandscapeLeft UIInterfaceOrientationLandscapeRight";
				LD_RUNPATH_SEARCH_PATHS = (
					"$(inherited)",
					"@executable_path/Frameworks",
				);
				MARKETING_VERSION = 1.0;
				PRODUCT_BUNDLE_IDENTIFIER = com.polina.TestTask;
				PRODUCT_NAME = "$(TARGET_NAME)";
				SWIFT_EMIT_LOC_STRINGS = YES;
				SWIFT_VERSION = 5.0;
				TARGETED_DEVICE_FAMILY = "1,2";
			};
			name = Release;
		};
/* End XCBuildConfiguration section */

/* Begin XCConfigurationList section */
		6A5FFD0B2AAF94B600C7E6FA /* Build configuration list for PBXProject "TestTask" */ = {
			isa = XCConfigurationList;
			buildConfigurations = (
				6A5FFD1C2AAF94B700C7E6FA /* Debug */,
				6A5FFD1D2AAF94B700C7E6FA /* Release */,
			);
			defaultConfigurationIsVisible = 0;
			defaultConfigurationName = Release;
		};
		6A5FFD1E2AAF94B700C7E6FA /* Build configuration list for PBXNativeTarget "TestTask" */ = {
			isa = XCConfigurationList;
			buildConfigurations = (
				6A5FFD1F2AAF94B700C7E6FA /* Debug */,
				6A5FFD202AAF94B700C7E6FA /* Release */,
			);
			defaultConfigurationIsVisible = 0;
			defaultConfigurationName = Release;
		};
/* End XCConfigurationList section */
	};
	rootObject = 6A5FFD082AAF94B600C7E6FA /* Project object */;
}
